
Microsoft Visual Studio Solution File, Format Version 12.00
# Visual Studio Version 16
VisualStudioVersion = 16.0.32106.194
MinimumVisualStudioVersion = 10.0.40219.1
Project("{9A19103F-16F7-4668-BE54-9A1E7A4F7556}") = "FunctionsReturnAndArraysFromFile", "FunctionsReturnAndArraysFromFile\FunctionsReturnAndArraysFromFile.csproj", "{6B6517FD-5C38-4E4E-8FFA-D1D25FE3CDB4}"
EndProject
Project("{9A19103F-16F7-4668-BE54-9A1E7A4F7556}") = "FridayNightRandom", "FridayNightRandom\FridayNightRandom.csproj", "{F6A2ACE4-B6BE-44BC-A0B7-02A31AD0728C}"
EndProject
Project("{9A19103F-16F7-4668-BE54-9A1E7A4F7556}") = "FridayNightRandomReturn", "FridayNightRandomReturn\FridayNightRandomReturn.csproj", "{C0C9F58C-3E7D-457B-B839-5E1E3BBBF20F}"
EndProject
Project("{9A19103F-16F7-4668-BE54-9A1E7A4F7556}") = "PickRandomFromFile", "PickRandomFromFile\PickRandomFromFile.csproj", "{E925F8A7-4761-460F-B87B-23FB3EB6623D}"
EndProject
Project("{FAE04EC0-301F-11D3-BF4B-00C04F79EFBC}") = "ChuckNorris", "ChuckNorris\ChuckNorris.csproj", "{841ADB0F-C433-463B-A9CA-DD8E5A6C881D}"
EndProject
Global
	GlobalSection(SolutionConfigurationPlatforms) = preSolution
		Debug|Any CPU = Debug|Any CPU
		Release|Any CPU = Release|Any CPU
	EndGlobalSection
	GlobalSection(ProjectConfigurationPlatforms) = postSolution
		{6B6517FD-5C38-4E4E-8FFA-D1D25FE3CDB4}.Debug|Any CPU.ActiveCfg = Debug|Any CPU
		{6B6517FD-5C38-4E4E-8FFA-D1D25FE3CDB4}.Debug|Any CPU.Build.0 = Debug|Any CPU
		{6B6517FD-5C38-4E4E-8FFA-D1D25FE3CDB4}.Release|Any CPU.ActiveCfg = Release|Any CPU
		{6B6517FD-5C38-4E4E-8FFA-D1D25FE3CDB4}.Release|Any CPU.Build.0 = Release|Any CPU
		{F6A2ACE4-B6BE-44BC-A0B7-02A31AD0728C}.Debug|Any CPU.ActiveCfg = Debug|Any CPU
		{F6A2ACE4-B6BE-44BC-A0B7-02A31AD0728C}.Debug|Any CPU.Build.0 = Debug|Any CPU
		{F6A2ACE4-B6BE-44BC-A0B7-02A31AD0728C}.Release|Any CPU.ActiveCfg = Release|Any CPU
		{F6A2ACE4-B6BE-44BC-A0B7-02A31AD0728C}.Release|Any CPU.Build.0 = Release|Any CPU
		{C0C9F58C-3E7D-457B-B839-5E1E3BBBF20F}.Debug|Any CPU.ActiveCfg = Debug|Any CPU
		{C0C9F58C-3E7D-457B-B839-5E1E3BBBF20F}.Debug|Any CPU.Build.0 = Debug|Any CPU
		{C0C9F58C-3E7D-457B-B839-5E1E3BBBF20F}.Release|Any CPU.ActiveCfg = Release|Any CPU
		{C0C9F58C-3E7D-457B-B839-5E1E3BBBF20F}.Release|Any CPU.Build.0 = Release|Any CPU
		{E925F8A7-4761-460F-B87B-23FB3EB6623D}.Debug|Any CPU.ActiveCfg = Debug|Any CPU
		{E925F8A7-4761-460F-B87B-23FB3EB6623D}.Debug|Any CPU.Build.0 = Debug|Any CPU
		{E925F8A7-4761-460F-B87B-23FB3EB6623D}.Release|Any CPU.ActiveCfg = Release|Any CPU
		{E925F8A7-4761-460F-B87B-23FB3EB6623D}.Release|Any CPU.Build.0 = Release|Any CPU
		{841ADB0F-C433-463B-A9CA-DD8E5A6C881D}.Debug|Any CPU.ActiveCfg = Debug|Any CPU
		{841ADB0F-C433-463B-A9CA-DD8E5A6C881D}.Debug|Any CPU.Build.0 = Debug|Any CPU
		{841ADB0F-C433-463B-A9CA-DD8E5A6C881D}.Release|Any CPU.ActiveCfg = Release|Any CPU
		{841ADB0F-C433-463B-A9CA-DD8E5A6C881D}.Release|Any CPU.Build.0 = Release|Any CPU
	EndGlobalSection
	GlobalSection(SolutionProperties) = preSolution
		HideSolutionNode = FALSE
	EndGlobalSection
	GlobalSection(ExtensibilityGlobals) = postSolution
		SolutionGuid = {18563045-12A0-44F8-9487-A7032A7C1FAF}
	EndGlobalSection
EndGlobal
